<?xml version="1.0" encoding="utf-8"?>
<Project ToolsVersion="4.0" xmlns="http://schemas.microsoft.com/developer/msbuild/2003">
  <ItemGroup>
    <Filter Include="Source Files">
      <UniqueIdentifier>{4FC737F1-C7A5-4376-A066-2A32D752A2FF}</UniqueIdentifier>
      <Extensions>cpp;c;cc;cxx;def;odl;idl;hpj;bat;asm;asmx</Extensions>
    </Filter>
    <Filter Include="Header Files">
      <UniqueIdentifier>{93995380-89BD-4b04-88EB-625FBE52EBFB}</UniqueIdentifier>
      <Extensions>h;hh;hpp;hxx;hm;inl;inc;xsd</Extensions>
    </Filter>
    <Filter Include="Resource Files">
      <UniqueIdentifier>{67DA6AB6-F800-4c08-8B7A-83BB121AAD01}</UniqueIdentifier>
      <Extensions>rc;ico;cur;bmp;dlg;rc2;rct;bin;rgs;gif;jpg;jpeg;jpe;resx;tiff;tif;png;wav;mfcribbon-ms</Extensions>
    </Filter>
    <Filter Include="Source Files\World">
      <UniqueIdentifier>{1e50e8fa-8a11-4d87-aefd-b7e8eb8d8ec5}</UniqueIdentifier>
    </Filter>
    <Filter Include="Source Files\World\Overworld">
      <UniqueIdentifier>{7cb057e6-7286-406a-935e-75e8b1bf57e4}</UniqueIdentifier>
    </Filter>
    <Filter Include="Source Files\World\Dungeons">
      <UniqueIdentifier>{00f6a76e-15d7-45f4-898d-12d1e8c32520}</UniqueIdentifier>
    </Filter>
    <Filter Include="Source Files\StateManager">
      <UniqueIdentifier>{687158e2-7eb0-4f10-a3c7-e20cc0b14499}</UniqueIdentifier>
    </Filter>
    <Filter Include="Source Files\InputManager">
      <UniqueIdentifier>{edb1e8bf-4f50-4f67-845d-0f1f8629f0d8}</UniqueIdentifier>
    </Filter>
    <Filter Include="Source Files\Sprite">
      <UniqueIdentifier>{d78893e7-f7fb-4940-940f-40bfc6a8cd33}</UniqueIdentifier>
    </Filter>
    <Filter Include="Source Files\Display">
      <UniqueIdentifier>{cef81a13-554a-4ea8-bcd5-06fa0f30d87f}</UniqueIdentifier>
    </Filter>
    <Filter Include="Source Files\Display\Window">
      <UniqueIdentifier>{a24db2ad-5e0c-4660-9da5-0daf38f0744a}</UniqueIdentifier>
    </Filter>
    <Filter Include="Source Files\Display\Renderer">
      <UniqueIdentifier>{f1f7e7f5-8a8e-48c0-8440-c673d5adf762}</UniqueIdentifier>
    </Filter>
    <Filter Include="Source Files\Player, Terrain , Npcs &amp; Items + Properties">
      <UniqueIdentifier>{5b90f2b3-315c-4e55-8999-a545b8ff8095}</UniqueIdentifier>
    </Filter>
    <Filter Include="Source Files\Player, Terrain , Npcs &amp; Items + Properties\Player">
      <UniqueIdentifier>{e7f260c0-a1fd-4f2a-afb8-a34d1a5cf1f6}</UniqueIdentifier>
    </Filter>
    <Filter Include="Source Files\Player, Terrain , Npcs &amp; Items + Properties\Npcs">
      <UniqueIdentifier>{2d5a4376-1d5f-41d6-b590-3ac9e93b12b1}</UniqueIdentifier>
    </Filter>
    <Filter Include="Source Files\Player, Terrain , Npcs &amp; Items + Properties\Terrain">
      <UniqueIdentifier>{7e36fad9-71ac-4bac-9160-390a6c2f9208}</UniqueIdentifier>
    </Filter>
    <Filter Include="Source Files\Player, Terrain , Npcs &amp; Items + Properties\Colliders">
      <UniqueIdentifier>{e3a3dd61-ef76-4fe1-9da9-7e99ad5a4008}</UniqueIdentifier>
    </Filter>
    <Filter Include="Source Files\Player, Terrain , Npcs &amp; Items + Properties\Items">
      <UniqueIdentifier>{a01782f2-cd59-40ce-b52d-823c406ab869}</UniqueIdentifier>
    </Filter>
  </ItemGroup>
  <ItemGroup>
    <ClCompile Include="Source.cpp">
      <Filter>Source Files</Filter>
    </ClCompile>
    <ClCompile Include="Game.cpp">
      <Filter>Source Files</Filter>
    </ClCompile>
    <ClCompile Include="OverworldStartLocation.cpp">
      <Filter>Source Files\World\Overworld</Filter>
    </ClCompile>
    <ClCompile Include="Link.cpp">
      <Filter>Source Files\Player, Terrain , Npcs &amp; Items + Properties\Player</Filter>
    </ClCompile>
    <ClCompile Include="StateManager.cpp">
      <Filter>Source Files\StateManager</Filter>
    </ClCompile>
    <ClCompile Include="InputManager.cpp">
      <Filter>Source Files\InputManager</Filter>
    </ClCompile>
    <ClCompile Include="Renderer.cpp">
      <Filter>Source Files\Display\Renderer</Filter>
    </ClCompile>
    <ClCompile Include="Window.cpp">
      <Filter>Source Files\Display\Window</Filter>
    </ClCompile>
    <ClCompile Include="Sprite.cpp">
      <Filter>Source Files\Sprite</Filter>
    </ClCompile>
    <ClCompile Include="IState.cpp">
      <Filter>Source Files\StateManager</Filter>
    </ClCompile>
    <ClCompile Include="SDLSystem.cpp">
      <Filter>Resource Files</Filter>
    </ClCompile>
    <ClCompile Include="Terrain.cpp">
      <Filter>Source Files\Player, Terrain , Npcs &amp; Items + Properties\Terrain</Filter>
    </ClCompile>
    <ClCompile Include="UpOne.cpp">
      <Filter>Source Files\World\Overworld</Filter>
    </ClCompile>
    <ClCompile Include="LeftOne.cpp">
      <Filter>Source Files\World\Overworld</Filter>
    </ClCompile>
    <ClCompile Include="RightOne.cpp">
      <Filter>Source Files\World\Overworld</Filter>
    </ClCompile>
    <ClCompile Include="FirstSwordDungeon.cpp">
      <Filter>Source Files\World\Dungeons</Filter>
    </ClCompile>
    <ClCompile Include="BoxCollider.cpp">
      <Filter>Source Files\Player, Terrain , Npcs &amp; Items + Properties\Colliders</Filter>
    </ClCompile>
    <ClCompile Include="Npc.cpp">
      <Filter>Source Files\Player, Terrain , Npcs &amp; Items + Properties\Npcs</Filter>
    </ClCompile>
    <ClCompile Include="Item.cpp">
      <Filter>Source Files\Player, Terrain , Npcs &amp; Items + Properties\Items</Filter>
    </ClCompile>
  </ItemGroup>
  <ItemGroup>
    <ClInclude Include="SDLSystem.h">
      <Filter>Resource Files</Filter>
    </ClInclude>
    <ClInclude Include="ServiceLocator.h">
      <Filter>Resource Files</Filter>
    </ClInclude>
    <ClInclude Include="StateManager.h">
      <Filter>Source Files\StateManager</Filter>
    </ClInclude>
    <ClInclude Include="Link.h">
      <Filter>Source Files\Player, Terrain , Npcs &amp; Items + Properties\Player</Filter>
    </ClInclude>
    <ClInclude Include="InputManager.h">
      <Filter>Source Files\InputManager</Filter>
    </ClInclude>
    <ClInclude Include="Renderer.h">
      <Filter>Source Files\Display\Renderer</Filter>
    </ClInclude>
    <ClInclude Include="Window.h">
      <Filter>Source Files\Display\Window</Filter>
    </ClInclude>
    <ClInclude Include="Sprite.h">
      <Filter>Source Files\Sprite</Filter>
    </ClInclude>
    <ClInclude Include="IState.h">
      <Filter>Source Files\StateManager</Filter>
    </ClInclude>
    <ClInclude Include="Terrain.h">
      <Filter>Source Files\Player, Terrain , Npcs &amp; Items + Properties\Terrain</Filter>
    </ClInclude>
    <ClInclude Include="OverworldStartLocation.h">
      <Filter>Source Files\World\Overworld</Filter>
    </ClInclude>
    <ClInclude Include="Game.h">
      <Filter>Source Files</Filter>
    </ClInclude>
    <ClInclude Include="UpOne.h">
      <Filter>Source Files\World\Overworld</Filter>
    </ClInclude>
    <ClInclude Include="LeftOne.h">
      <Filter>Source Files\World\Overworld</Filter>
    </ClInclude>
    <ClInclude Include="RightOne.h">
      <Filter>Source Files\World\Overworld</Filter>
    </ClInclude>
    <ClInclude Include="FirstSwordDungeon.h">
      <Filter>Source Files\World\Dungeons</Filter>
    </ClInclude>
    <ClInclude Include="BoxCollider.h">
      <Filter>Source Files\Player, Terrain , Npcs &amp; Items + Properties\Colliders</Filter>
    </ClInclude>
    <ClInclude Include="Npc.h">
      <Filter>Source Files\Player, Terrain , Npcs &amp; Items + Properties\Npcs</Filter>
    </ClInclude>
    <ClInclude Include="Item.h">
      <Filter>Source Files\Player, Terrain , Npcs &amp; Items + Properties\Items</Filter>
    </ClInclude>
  </ItemGroup>
</Project>